
Microsoft Visual Studio Solution File, Format Version 12.00
# Visual Studio Version 17
VisualStudioVersion = 17.11.35327.3
MinimumVisualStudioVersion = 10.0.40219.1
Project("{8BC9CEB8-8B4A-11D0-8D11-00A0C91BC942}") = "codewars_projects", "codewars_projects.vcxproj", "{20C0D2C1-D8B0-464E-B151-B5B548530BF5}"
EndProject
Project("{8BC9CEB8-8B4A-11D0-8D11-00A0C91BC942}") = "test_codewars", "..\test_codewars\test_codewars.vcxproj", "{05614CFB-8BF7-4FBA-97E1-37C31317421D}"
EndProject
Project("{8BC9CEB8-8B4A-11D0-8D11-00A0C91BC942}") = "SandBox", "..\SandBox\SandBox.vcxproj", "{190CFB1F-0592-4361-9B57-A56270F609FA}"
EndProject
Global
	GlobalSection(SolutionConfigurationPlatforms) = preSolution
		Debug|x64 = Debug|x64
		Debug|x86 = Debug|x86
		Release|x64 = Release|x64
		Release|x86 = Release|x86
	EndGlobalSection
	GlobalSection(ProjectConfigurationPlatforms) = postSolution
		{20C0D2C1-D8B0-464E-B151-B5B548530BF5}.Debug|x64.ActiveCfg = Debug|x64
		{20C0D2C1-D8B0-464E-B151-B5B548530BF5}.Debug|x64.Build.0 = Debug|x64
		{20C0D2C1-D8B0-464E-B151-B5B548530BF5}.Debug|x86.ActiveCfg = Debug|Win32
		{20C0D2C1-D8B0-464E-B151-B5B548530BF5}.Debug|x86.Build.0 = Debug|Win32
		{20C0D2C1-D8B0-464E-B151-B5B548530BF5}.Release|x64.ActiveCfg = Release|x64
		{20C0D2C1-D8B0-464E-B151-B5B548530BF5}.Release|x64.Build.0 = Release|x64
		{20C0D2C1-D8B0-464E-B151-B5B548530BF5}.Release|x86.ActiveCfg = Release|Win32
		{20C0D2C1-D8B0-464E-B151-B5B548530BF5}.Release|x86.Build.0 = Release|Win32
		{05614CFB-8BF7-4FBA-97E1-37C31317421D}.Debug|x64.ActiveCfg = Debug|x64
		{05614CFB-8BF7-4FBA-97E1-37C31317421D}.Debug|x64.Build.0 = Debug|x64
		{05614CFB-8BF7-4FBA-97E1-37C31317421D}.Debug|x86.ActiveCfg = Debug|Win32
		{05614CFB-8BF7-4FBA-97E1-37C31317421D}.Debug|x86.Build.0 = Debug|Win32
		{05614CFB-8BF7-4FBA-97E1-37C31317421D}.Release|x64.ActiveCfg = Release|x64
		{05614CFB-8BF7-4FBA-97E1-37C31317421D}.Release|x64.Build.0 = Release|x64
		{05614CFB-8BF7-4FBA-97E1-37C31317421D}.Release|x86.ActiveCfg = Release|Win32
		{05614CFB-8BF7-4FBA-97E1-37C31317421D}.Release|x86.Build.0 = Release|Win32
		{190CFB1F-0592-4361-9B57-A56270F609FA}.Debug|x64.ActiveCfg = Debug|x64
		{190CFB1F-0592-4361-9B57-A56270F609FA}.Debug|x64.Build.0 = Debug|x64
		{190CFB1F-0592-4361-9B57-A56270F609FA}.Debug|x86.ActiveCfg = Debug|Win32
		{190CFB1F-0592-4361-9B57-A56270F609FA}.Debug|x86.Build.0 = Debug|Win32
		{190CFB1F-0592-4361-9B57-A56270F609FA}.Release|x64.ActiveCfg = Release|x64
		{190CFB1F-0592-4361-9B57-A56270F609FA}.Release|x64.Build.0 = Release|x64
		{190CFB1F-0592-4361-9B57-A56270F609FA}.Release|x86.ActiveCfg = Release|Win32
		{190CFB1F-0592-4361-9B57-A56270F609FA}.Release|x86.Build.0 = Release|Win32
	EndGlobalSection
	GlobalSection(SolutionProperties) = preSolution
		HideSolutionNode = FALSE
	EndGlobalSection
	GlobalSection(ExtensibilityGlobals) = postSolution
		SolutionGuid = {44B15917-243D-4730-AF68-1C1BED3D0239}
	EndGlobalSection
EndGlobal
